// !$*UTF8*$!
{
	archiveVersion = 1;
	classes = {
	};
	objectVersion = 50;
	objects = {

/* Begin PBXBuildFile section */
		87C0268B254D2DAB00FAAA47 /* AppDelegate.swift in Sources */ = {isa = PBXBuildFile; fileRef = 87C0268A254D2DAB00FAAA47 /* AppDelegate.swift */; };
		87C0268D254D2DAB00FAAA47 /* SceneDelegate.swift in Sources */ = {isa = PBXBuildFile; fileRef = 87C0268C254D2DAB00FAAA47 /* SceneDelegate.swift */; };
		87C02694254D2DAC00FAAA47 /* Assets.xcassets in Resources */ = {isa = PBXBuildFile; fileRef = 87C02693254D2DAC00FAAA47 /* Assets.xcassets */; };
		87C02697254D2DAC00FAAA47 /* LaunchScreen.storyboard in Resources */ = {isa = PBXBuildFile; fileRef = 87C02695254D2DAC00FAAA47 /* LaunchScreen.storyboard */; };
		87C026A4254D2E6100FAAA47 /* GameViewController.swift in Sources */ = {isa = PBXBuildFile; fileRef = 87C026A2254D2E6100FAAA47 /* GameViewController.swift */; };
		87C026A5254D2E6100FAAA47 /* GameViewController.xib in Resources */ = {isa = PBXBuildFile; fileRef = 87C026A3254D2E6100FAAA47 /* GameViewController.xib */; };
		87C026AF254D315C00FAAA47 /* GameCollectionViewCell.swift in Sources */ = {isa = PBXBuildFile; fileRef = 87C026AD254D315C00FAAA47 /* GameCollectionViewCell.swift */; };
		87C026B0254D315C00FAAA47 /* GameCollectionViewCell.xib in Resources */ = {isa = PBXBuildFile; fileRef = 87C026AE254D315C00FAAA47 /* GameCollectionViewCell.xib */; };
		87C026B5254D321400FAAA47 /* CollectionViewExtension.swift in Sources */ = {isa = PBXBuildFile; fileRef = 87C026B4254D321400FAAA47 /* CollectionViewExtension.swift */; };
/* End PBXBuildFile section */

/* Begin PBXFileReference section */
		87C02687254D2DAB00FAAA47 /* Game.app */ = {isa = PBXFileReference; explicitFileType = wrapper.application; includeInIndex = 0; path = Game.app; sourceTree = BUILT_PRODUCTS_DIR; };
		87C0268A254D2DAB00FAAA47 /* AppDelegate.swift */ = {isa = PBXFileReference; lastKnownFileType = sourcecode.swift; path = AppDelegate.swift; sourceTree = "<group>"; };
		87C0268C254D2DAB00FAAA47 /* SceneDelegate.swift */ = {isa = PBXFileReference; lastKnownFileType = sourcecode.swift; path = SceneDelegate.swift; sourceTree = "<group>"; };
		87C02693254D2DAC00FAAA47 /* Assets.xcassets */ = {isa = PBXFileReference; lastKnownFileType = folder.assetcatalog; path = Assets.xcassets; sourceTree = "<group>"; };
		87C02696254D2DAC00FAAA47 /* Base */ = {isa = PBXFileReference; lastKnownFileType = file.storyboard; name = Base; path = Base.lproj/LaunchScreen.storyboard; sourceTree = "<group>"; };
		87C02698254D2DAC00FAAA47 /* Info.plist */ = {isa = PBXFileReference; lastKnownFileType = text.plist.xml; path = Info.plist; sourceTree = "<group>"; };
		87C026A2254D2E6100FAAA47 /* GameViewController.swift */ = {isa = PBXFileReference; lastKnownFileType = sourcecode.swift; path = GameViewController.swift; sourceTree = "<group>"; };
		87C026A3254D2E6100FAAA47 /* GameViewController.xib */ = {isa = PBXFileReference; lastKnownFileType = file.xib; path = GameViewController.xib; sourceTree = "<group>"; };
		87C026AD254D315C00FAAA47 /* GameCollectionViewCell.swift */ = {isa = PBXFileReference; lastKnownFileType = sourcecode.swift; path = GameCollectionViewCell.swift; sourceTree = "<group>"; };
		87C026AE254D315C00FAAA47 /* GameCollectionViewCell.xib */ = {isa = PBXFileReference; lastKnownFileType = file.xib; path = GameCollectionViewCell.xib; sourceTree = "<group>"; };
		87C026B4254D321400FAAA47 /* CollectionViewExtension.swift */ = {isa = PBXFileReference; lastKnownFileType = sourcecode.swift; path = CollectionViewExtension.swift; sourceTree = "<group>"; };
/* End PBXFileReference section */

/* Begin PBXFrameworksBuildPhase section */
		87C02684254D2DAB00FAAA47 /* Frameworks */ = {
			isa = PBXFrameworksBuildPhase;
			buildActionMask = 2147483647;
			files = (
			);
			runOnlyForDeploymentPostprocessing = 0;
		};
/* End PBXFrameworksBuildPhase section */

/* Begin PBXGroup section */
		87C0267E254D2DAB00FAAA47 = {
			isa = PBXGroup;
			children = (
				87C02689254D2DAB00FAAA47 /* Game */,
				87C02688254D2DAB00FAAA47 /* Products */,
			);
			sourceTree = "<group>";
		};
		87C02688254D2DAB00FAAA47 /* Products */ = {
			isa = PBXGroup;
			children = (
				87C02687254D2DAB00FAAA47 /* Game.app */,
			);
			name = Products;
			sourceTree = "<group>";
		};
		87C02689254D2DAB00FAAA47 /* Game */ = {
			isa = PBXGroup;
			children = (
				87C026B3254D31F700FAAA47 /* Extension */,
				87C026A7254D2E7800FAAA47 /* App */,
				87C026A1254D2E4D00FAAA47 /* Controller */,
				87C026A8254D2E8F00FAAA47 /* Resource */,
				87C02695254D2DAC00FAAA47 /* LaunchScreen.storyboard */,
			);
			path = Game;
			sourceTree = "<group>";
		};
		87C026A1254D2E4D00FAAA47 /* Controller */ = {
			isa = PBXGroup;
			children = (
				87C026A3254D2E6100FAAA47 /* GameViewController.xib */,
				87C026A2254D2E6100FAAA47 /* GameViewController.swift */,
				87C026AE254D315C00FAAA47 /* GameCollectionViewCell.xib */,
				87C026AD254D315C00FAAA47 /* GameCollectionViewCell.swift */,
			);
			path = Controller;
			sourceTree = "<group>";
		};
		87C026A7254D2E7800FAAA47 /* App */ = {
			isa = PBXGroup;
			children = (
				87C0268A254D2DAB00FAAA47 /* AppDelegate.swift */,
				87C0268C254D2DAB00FAAA47 /* SceneDelegate.swift */,
			);
			path = App;
			sourceTree = "<group>";
		};
		87C026A8254D2E8F00FAAA47 /* Resource */ = {
			isa = PBXGroup;
			children = (
				87C02698254D2DAC00FAAA47 /* Info.plist */,
				87C02693254D2DAC00FAAA47 /* Assets.xcassets */,
			);
			path = Resource;
			sourceTree = "<group>";
		};
		87C026B3254D31F700FAAA47 /* Extension */ = {
			isa = PBXGroup;
			children = (
				87C026B4254D321400FAAA47 /* CollectionViewExtension.swift */,
			);
			path = Extension;
			sourceTree = "<group>";
		};
/* End PBXGroup section */

/* Begin PBXNativeTarget section */
		87C02686254D2DAB00FAAA47 /* Game */ = {
			isa = PBXNativeTarget;
			buildConfigurationList = 87C0269B254D2DAC00FAAA47 /* Build configuration list for PBXNativeTarget "Game" */;
			buildPhases = (
				87C02683254D2DAB00FAAA47 /* Sources */,
				87C02684254D2DAB00FAAA47 /* Frameworks */,
				87C02685254D2DAB00FAAA47 /* Resources */,
			);
			buildRules = (
			);
			dependencies = (
			);
			name = Game;
			productName = Game;
			productReference = 87C02687254D2DAB00FAAA47 /* Game.app */;
			productType = "com.apple.product-type.application";
		};
/* End PBXNativeTarget section */

/* Begin PBXProject section */
		87C0267F254D2DAB00FAAA47 /* Project object */ = {
			isa = PBXProject;
			attributes = {
				LastSwiftUpdateCheck = 1200;
				LastUpgradeCheck = 1200;
				TargetAttributes = {
					87C02686254D2DAB00FAAA47 = {
						CreatedOnToolsVersion = 12.0;
					};
				};
			};
			buildConfigurationList = 87C02682254D2DAB00FAAA47 /* Build configuration list for PBXProject "Game" */;
			compatibilityVersion = "Xcode 9.3";
			developmentRegion = en;
			hasScannedForEncodings = 0;
			knownRegions = (
				en,
				Base,
			);
			mainGroup = 87C0267E254D2DAB00FAAA47;
			productRefGroup = 87C02688254D2DAB00FAAA47 /* Products */;
			projectDirPath = "";
			projectRoot = "";
			targets = (
				87C02686254D2DAB00FAAA47 /* Game */,
			);
		};
/* End PBXProject section */

/* Begin PBXResourcesBuildPhase section */
		87C02685254D2DAB00FAAA47 /* Resources */ = {
			isa = PBXResourcesBuildPhase;
			buildActionMask = 2147483647;
			files = (
				87C026B0254D315C00FAAA47 /* GameCollectionViewCell.xib in Resources */,
				87C02697254D2DAC00FAAA47 /* LaunchScreen.storyboard in Resources */,
				87C02694254D2DAC00FAAA47 /* Assets.xcassets in Resources */,
				87C026A5254D2E6100FAAA47 /* GameViewController.xib in Resources */,
			);
			runOnlyForDeploymentPostprocessing = 0;
		};
/* End PBXResourcesBuildPhase section */

/* Begin PBXSourcesBuildPhase section */
		87C02683254D2DAB00FAAA47 /* Sources */ = {
			isa = PBXSourcesBuildPhase;
			buildActionMask = 2147483647;
			files = (
				87C026AF254D315C00FAAA47 /* GameCollectionViewCell.swift in Sources */,
				87C0268B254D2DAB00FAAA47 /* AppDelegate.swift in Sources */,
				87C026A4254D2E6100FAAA47 /* GameViewController.swift in Sources */,
				87C026B5254D321400FAAA47 /* CollectionViewExtension.swift in Sources */,
				87C0268D254D2DAB00FAAA47 /* SceneDelegate.swift in Sources */,
			);
			runOnlyForDeploymentPostprocessing = 0;
		};
/* End PBXSourcesBuildPhase section */

/* Begin PBXVariantGroup section */
		87C02695254D2DAC00FAAA47 /* LaunchScreen.storyboard */ = {
			isa = PBXVariantGroup;
			children = (
				87C02696254D2DAC00FAAA47 /* Base */,
			);
			name = LaunchScreen.storyboard;
			sourceTree = "<group>";
		};
/* End PBXVariantGroup section */

/* Begin XCBuildConfiguration section */
		87C02699254D2DAC00FAAA47 /* Debug */ = {
			isa = XCBuildConfiguration;
			buildSettings = {
				ALWAYS_SEARCH_USER_PATHS = NO;
				CLANG_ANALYZER_NONNULL = YES;
				CLANG_ANALYZER_NUMBER_OBJECT_CONVERSION = YES_AGGRESSIVE;
				CLANG_CXX_LANGUAGE_STANDARD = "gnu++14";
				CLANG_CXX_LIBRARY = "libc++";
				CLANG_ENABLE_MODULES = YES;
				CLANG_ENABLE_OBJC_ARC = YES;
				CLANG_ENABLE_OBJC_WEAK = YES;
				CLANG_WARN_BLOCK_CAPTURE_AUTORELEASING = YES;
				CLANG_WARN_BOOL_CONVERSION = YES;
				CLANG_WARN_COMMA = YES;
				CLANG_WARN_CONSTANT_CONVERSION = YES;
				CLANG_WARN_DEPRECATED_OBJC_IMPLEMENTATIONS = YES;
				CLANG_WARN_DIRECT_OBJC_ISA_USAGE = YES_ERROR;
				CLANG_WARN_DOCUMENTATION_COMMENTS = YES;
				CLANG_WARN_EMPTY_BODY = YES;
				CLANG_WARN_ENUM_CONVERSION = YES;
				CLANG_WARN_INFINITE_RECURSION = YES;
				CLANG_WARN_INT_CONVERSION = YES;
				CLANG_WARN_NON_LITERAL_NULL_CONVERSION = YES;
				CLANG_WARN_OBJC_IMPLICIT_RETAIN_SELF = YES;
				CLANG_WARN_OBJC_LITERAL_CONVERSION = YES;
				CLANG_WARN_OBJC_ROOT_CLASS = YES_ERROR;
				CLANG_WARN_QUOTED_INCLUDE_IN_FRAMEWORK_HEADER = YES;
				CLANG_WARN_RANGE_LOOP_ANALYSIS = YES;
				CLANG_WARN_STRICT_PROTOTYPES = YES;
				CLANG_WARN_SUSPICIOUS_MOVE = YES;
				CLANG_WARN_UNGUARDED_AVAILABILITY = YES_AGGRESSIVE;
				CLANG_WARN_UNREACHABLE_CODE = YES;
				CLANG_WARN__DUPLICATE_METHOD_MATCH = YES;
				COPY_PHASE_STRIP = NO;
				DEBUG_INFORMATION_FORMAT = dwarf;
				ENABLE_STRICT_OBJC_MSGSEND = YES;
				ENABLE_TESTABILITY = YES;
				GCC_C_LANGUAGE_STANDARD = gnu11;
				GCC_DYNAMIC_NO_PIC = NO;
				GCC_NO_COMMON_BLOCKS = YES;
				GCC_OPTIMIZATION_LEVEL = 0;
				GCC_PREPROCESSOR_DEFINITIONS = (
					"DEBUG=1",
					"$(inherited)",
				);
				GCC_WARN_64_TO_32_BIT_CONVERSION = YES;
				GCC_WARN_ABOUT_RETURN_TYPE = YES_ERROR;
				GCC_WARN_UNDECLARED_SELECTOR = YES;
				GCC_WARN_UNINITIALIZED_AUTOS = YES_AGGRESSIVE;
				GCC_WARN_UNUSED_FUNCTION = YES;
				GCC_WARN_UNUSED_VARIABLE = YES;
				IPHONEOS_DEPLOYMENT_TARGET = 14.0;
				MTL_ENABLE_DEBUG_INFO = INCLUDE_SOURCE;
				MTL_FAST_MATH = YES;
				ONLY_ACTIVE_ARCH = YES;
				SDKROOT = iphoneos;
				SWIFT_ACTIVE_COMPILATION_CONDITIONS = DEBUG;
				SWIFT_OPTIMIZATION_LEVEL = "-Onone";
			};
			name = Debug;
		};
		87C0269A254D2DAC00FAAA47 /* Release */ = {
			isa = XCBuildConfiguration;
			buildSettings = {
				ALWAYS_SEARCH_USER_PATHS = NO;
				CLANG_ANALYZER_NONNULL = YES;
				CLANG_ANALYZER_NUMBER_OBJECT_CONVERSION = YES_AGGRESSIVE;
				CLANG_CXX_LANGUAGE_STANDARD = "gnu++14";
				CLANG_CXX_LIBRARY = "libc++";
				CLANG_ENABLE_MODULES = YES;
				CLANG_ENABLE_OBJC_ARC = YES;
				CLANG_ENABLE_OBJC_WEAK = YES;
				CLANG_WARN_BLOCK_CAPTURE_AUTORELEASING = YES;
				CLANG_WARN_BOOL_CONVERSION = YES;
				CLANG_WARN_COMMA = YES;
				CLANG_WARN_CONSTANT_CONVERSION = YES;
				CLANG_WARN_DEPRECATED_OBJC_IMPLEMENTATIONS = YES;
				CLANG_WARN_DIRECT_OBJC_ISA_USAGE = YES_ERROR;
				CLANG_WARN_DOCUMENTATION_COMMENTS = YES;
				CLANG_WARN_EMPTY_BODY = YES;
				CLANG_WARN_ENUM_CONVERSION = YES;
				CLANG_WARN_INFINITE_RECURSION = YES;
				CLANG_WARN_INT_CONVERSION = YES;
				CLANG_WARN_NON_LITERAL_NULL_CONVERSION = YES;
				CLANG_WARN_OBJC_IMPLICIT_RETAIN_SELF = YES;
				CLANG_WARN_OBJC_LITERAL_CONVERSION = YES;
				CLANG_WARN_OBJC_ROOT_CLASS = YES_ERROR;
				CLANG_WARN_QUOTED_INCLUDE_IN_FRAMEWORK_HEADER = YES;
				CLANG_WARN_RANGE_LOOP_ANALYSIS = YES;
				CLANG_WARN_STRICT_PROTOTYPES = YES;
				CLANG_WARN_SUSPICIOUS_MOVE = YES;
				CLANG_WARN_UNGUARDED_AVAILABILITY = YES_AGGRESSIVE;
				CLANG_WARN_UNREACHABLE_CODE = YES;
				CLANG_WARN__DUPLICATE_METHOD_MATCH = YES;
				COPY_PHASE_STRIP = NO;
				DEBUG_INFORMATION_FORMAT = "dwarf-with-dsym";
				ENABLE_NS_ASSERTIONS = NO;
				ENABLE_STRICT_OBJC_MSGSEND = YES;
				GCC_C_LANGUAGE_STANDARD = gnu11;
				GCC_NO_COMMON_BLOCKS = YES;
				GCC_WARN_64_TO_32_BIT_CONVERSION = YES;
				GCC_WARN_ABOUT_RETURN_TYPE = YES_ERROR;
				GCC_WARN_UNDECLARED_SELECTOR = YES;
				GCC_WARN_UNINITIALIZED_AUTOS = YES_AGGRESSIVE;
				GCC_WARN_UNUSED_FUNCTION = YES;
				GCC_WARN_UNUSED_VARIABLE = YES;
				IPHONEOS_DEPLOYMENT_TARGET = 14.0;
				MTL_ENABLE_DEBUG_INFO = NO;
				MTL_FAST_MATH = YES;
				SDKROOT = iphoneos;
				SWIFT_COMPILATION_MODE = wholemodule;
				SWIFT_OPTIMIZATION_LEVEL = "-O";
				VALIDATE_PRODUCT = YES;
			};
			name = Release;
		};
		87C0269C254D2DAC00FAAA47 /* Debug */ = {
			isa = XCBuildConfiguration;
			buildSettings = {
				ASSETCATALOG_COMPILER_APPICON_NAME = AppIcon;
				ASSETCATALOG_COMPILER_GLOBAL_ACCENT_COLOR_NAME = AccentColor;
				CODE_SIGN_STYLE = Automatic;
				INFOPLIST_FILE = Game/Resource/Info.plist;
				LD_RUNPATH_SEARCH_PATHS = (
					"$(inherited)",
					"@executable_path/Frameworks",
				);
				PRODUCT_BUNDLE_IDENTIFIER = com.codesorbit.Game;
				PRODUCT_NAME = "$(TARGET_NAME)";
				SWIFT_VERSION = 5.0;
				TARGETED_DEVICE_FAMILY = 1;
			};
			name = Debug;
		};
		87C0269D254D2DAC00FAAA47 /* Release */ = {
			isa = XCBuildConfiguration;
			buildSettings = {
				ASSETCATALOG_COMPILER_APPICON_NAME = AppIcon;
				ASSETCATALOG_COMPILER_GLOBAL_ACCENT_COLOR_NAME = AccentColor;
				CODE_SIGN_STYLE = Automatic;
				INFOPLIST_FILE = Game/Resource/Info.plist;
				LD_RUNPATH_SEARCH_PATHS = (
					"$(inherited)",
					"@executable_path/Frameworks",
				);
				PRODUCT_BUNDLE_IDENTIFIER = com.codesorbit.Game;
				PRODUCT_NAME = "$(TARGET_NAME)";
				SWIFT_VERSION = 5.0;
				TARGETED_DEVICE_FAMILY = 1;
			};
			name = Release;
		};
/* End XCBuildConfiguration section */

/* Begin XCConfigurationList section */
		87C02682254D2DAB00FAAA47 /* Build configuration list for PBXProject "Game" */ = {
			isa = XCConfigurationList;
			buildConfigurations = (
				87C02699254D2DAC00FAAA47 /* Debug */,
				87C0269A254D2DAC00FAAA47 /* Release */,
			);
			defaultConfigurationIsVisible = 0;
			defaultConfigurationName = Release;
		};
		87C0269B254D2DAC00FAAA47 /* Build configuration list for PBXNativeTarget "Game" */ = {
			isa = XCConfigurationList;
			buildConfigurations = (
				87C0269C254D2DAC00FAAA47 /* Debug */,
				87C0269D254D2DAC00FAAA47 /* Release */,
			);
			defaultConfigurationIsVisible = 0;
			defaultConfigurationName = Release;
		};
/* End XCConfigurationList section */
	};
	rootObject = 87C0267F254D2DAB00FAAA47 /* Project object */;
}
